
Microsoft Visual Studio Solution File, Format Version 12.00
# Visual Studio Version 17
VisualStudioVersion = 17.2.32616.157
MinimumVisualStudioVersion = 10.0.40219.1
Project("{FAE04EC0-301F-11D3-BF4B-00C04F79EFBC}") = "Company2", "Company2\Company2.csproj", "{D8EB4213-2B09-47B6-8E08-429FC5E4D99D}"
EndProject
Global
	GlobalSection(SolutionConfigurationPlatforms) = preSolution
		Debug|Any CPU = Debug|Any CPU
		Release|Any CPU = Release|Any CPU
	EndGlobalSection
	GlobalSection(ProjectConfigurationPlatforms) = postSolution
		{D8EB4213-2B09-47B6-8E08-429FC5E4D99D}.Debug|Any CPU.ActiveCfg = Debug|Any CPU
		{D8EB4213-2B09-47B6-8E08-429FC5E4D99D}.Debug|Any CPU.Build.0 = Debug|Any CPU
		{D8EB4213-2B09-47B6-8E08-429FC5E4D99D}.Release|Any CPU.ActiveCfg = Release|Any CPU
		{D8EB4213-2B09-47B6-8E08-429FC5E4D99D}.Release|Any CPU.Build.0 = Release|Any CPU
	EndGlobalSection
	GlobalSection(SolutionProperties) = preSolution
		HideSolutionNode = FALSE
	EndGlobalSection
	GlobalSection(ExtensibilityGlobals) = postSolution
		SolutionGuid = {909FDC71-48AD-4204-B1DE-5E4D6957B625}
	EndGlobalSection
EndGlobal
